
Microsoft Visual Studio Solution File, Format Version 12.00
# Visual Studio Version 17
VisualStudioVersion = 17.1.32228.430
MinimumVisualStudioVersion = 10.0.40219.1
Project("{9A19103F-16F7-4668-BE54-9A1E7A4F7556}") = "APICRUD", "APICRUD.csproj", "{DFA8170F-95A8-4D10-A67F-6DDFD04AB401}"
EndProject
Project("{FAE04EC0-301F-11D3-BF4B-00C04F79EFBC}") = "WebApplication2", "..\WebApplication2\WebApplication2.csproj", "{1693D8AF-6A25-42F5-960A-2E54009BC182}"
EndProject
Global
	GlobalSection(SolutionConfigurationPlatforms) = preSolution
		Debug|Any CPU = Debug|Any CPU
		Release|Any CPU = Release|Any CPU
	EndGlobalSection
	GlobalSection(ProjectConfigurationPlatforms) = postSolution
		{DFA8170F-95A8-4D10-A67F-6DDFD04AB401}.Debug|Any CPU.ActiveCfg = Debug|Any CPU
		{DFA8170F-95A8-4D10-A67F-6DDFD04AB401}.Debug|Any CPU.Build.0 = Debug|Any CPU
		{DFA8170F-95A8-4D10-A67F-6DDFD04AB401}.Release|Any CPU.ActiveCfg = Release|Any CPU
		{DFA8170F-95A8-4D10-A67F-6DDFD04AB401}.Release|Any CPU.Build.0 = Release|Any CPU
		{1693D8AF-6A25-42F5-960A-2E54009BC182}.Debug|Any CPU.ActiveCfg = Debug|Any CPU
		{1693D8AF-6A25-42F5-960A-2E54009BC182}.Debug|Any CPU.Build.0 = Debug|Any CPU
		{1693D8AF-6A25-42F5-960A-2E54009BC182}.Release|Any CPU.ActiveCfg = Release|Any CPU
		{1693D8AF-6A25-42F5-960A-2E54009BC182}.Release|Any CPU.Build.0 = Release|Any CPU
	EndGlobalSection
	GlobalSection(SolutionProperties) = preSolution
		HideSolutionNode = FALSE
	EndGlobalSection
	GlobalSection(ExtensibilityGlobals) = postSolution
		SolutionGuid = {3439C880-C960-423F-980E-5B444564E44B}
	EndGlobalSection
EndGlobal
