
Microsoft Visual Studio Solution File, Format Version 12.00
# Visual Studio Version 17
VisualStudioVersion = 17.1.32228.430
MinimumVisualStudioVersion = 10.0.40219.1
Project("{9A19103F-16F7-4668-BE54-9A1E7A4F7556}") = "APICRUD", "APICRUD.csproj", "{DFA8170F-95A8-4D10-A67F-6DDFD04AB401}"
EndProject
Project("{9A19103F-16F7-4668-BE54-9A1E7A4F7556}") = "consumeapiiiii", "..\consumeapiiiii\consumeapiiiii.csproj", "{2D3355DA-FCFB-47E2-86D3-D5018339797C}"
EndProject
Project("{2150E333-8FDC-42A3-9474-1A3956D46DE8}") = "APICRUD.Data", "APICRUD.Data", "{754749E8-3FFD-493D-916E-2742F3F3FBFF}"
EndProject
Project("{9A19103F-16F7-4668-BE54-9A1E7A4F7556}") = "APICRUD.Data.Models", "..\APICRUD.Data.Models\APICRUD.Data.Models.csproj", "{9CD30273-4AA1-411D-A343-44ADAA5A0194}"
EndProject
Project("{FAE04EC0-301F-11D3-BF4B-00C04F79EFBC}") = "TestProject1", "..\TestProject1\TestProject1.csproj", "{35BFA097-0573-4D1C-981C-74B23EB4101F}"
EndProject
Global
	GlobalSection(SolutionConfigurationPlatforms) = preSolution
		Debug|Any CPU = Debug|Any CPU
		Release|Any CPU = Release|Any CPU
	EndGlobalSection
	GlobalSection(ProjectConfigurationPlatforms) = postSolution
		{DFA8170F-95A8-4D10-A67F-6DDFD04AB401}.Debug|Any CPU.ActiveCfg = Debug|Any CPU
		{DFA8170F-95A8-4D10-A67F-6DDFD04AB401}.Debug|Any CPU.Build.0 = Debug|Any CPU
		{DFA8170F-95A8-4D10-A67F-6DDFD04AB401}.Release|Any CPU.ActiveCfg = Release|Any CPU
		{DFA8170F-95A8-4D10-A67F-6DDFD04AB401}.Release|Any CPU.Build.0 = Release|Any CPU
		{2D3355DA-FCFB-47E2-86D3-D5018339797C}.Debug|Any CPU.ActiveCfg = Debug|Any CPU
		{2D3355DA-FCFB-47E2-86D3-D5018339797C}.Debug|Any CPU.Build.0 = Debug|Any CPU
		{2D3355DA-FCFB-47E2-86D3-D5018339797C}.Release|Any CPU.ActiveCfg = Release|Any CPU
		{2D3355DA-FCFB-47E2-86D3-D5018339797C}.Release|Any CPU.Build.0 = Release|Any CPU
		{9CD30273-4AA1-411D-A343-44ADAA5A0194}.Debug|Any CPU.ActiveCfg = Debug|Any CPU
		{9CD30273-4AA1-411D-A343-44ADAA5A0194}.Debug|Any CPU.Build.0 = Debug|Any CPU
		{9CD30273-4AA1-411D-A343-44ADAA5A0194}.Release|Any CPU.ActiveCfg = Release|Any CPU
		{9CD30273-4AA1-411D-A343-44ADAA5A0194}.Release|Any CPU.Build.0 = Release|Any CPU
		{35BFA097-0573-4D1C-981C-74B23EB4101F}.Debug|Any CPU.ActiveCfg = Debug|Any CPU
		{35BFA097-0573-4D1C-981C-74B23EB4101F}.Debug|Any CPU.Build.0 = Debug|Any CPU
		{35BFA097-0573-4D1C-981C-74B23EB4101F}.Release|Any CPU.ActiveCfg = Release|Any CPU
		{35BFA097-0573-4D1C-981C-74B23EB4101F}.Release|Any CPU.Build.0 = Release|Any CPU
	EndGlobalSection
	GlobalSection(SolutionProperties) = preSolution
		HideSolutionNode = FALSE
	EndGlobalSection
	GlobalSection(NestedProjects) = preSolution
		{9CD30273-4AA1-411D-A343-44ADAA5A0194} = {754749E8-3FFD-493D-916E-2742F3F3FBFF}
	EndGlobalSection
	GlobalSection(ExtensibilityGlobals) = postSolution
		SolutionGuid = {3439C880-C960-423F-980E-5B444564E44B}
	EndGlobalSection
EndGlobal
